
Microsoft Visual Studio Solution File, Format Version 12.00
# Visual Studio Version 17
VisualStudioVersion = 17.4.33213.308
MinimumVisualStudioVersion = 10.0.40219.1
Project("{FAE04EC0-301F-11D3-BF4B-00C04F79EFBC}") = "TestApp", "TestApp\TestApp.csproj", "{9DE92097-CC3B-4FDC-88B1-ED4E75E6C03B}"
EndProject
Global
	GlobalSection(SolutionConfigurationPlatforms) = preSolution
		Debug|Any CPU = Debug|Any CPU
		Release|Any CPU = Release|Any CPU
	EndGlobalSection
	GlobalSection(ProjectConfigurationPlatforms) = postSolution
		{9DE92097-CC3B-4FDC-88B1-ED4E75E6C03B}.Debug|Any CPU.ActiveCfg = Debug|Any CPU
		{9DE92097-CC3B-4FDC-88B1-ED4E75E6C03B}.Debug|Any CPU.Build.0 = Debug|Any CPU
		{9DE92097-CC3B-4FDC-88B1-ED4E75E6C03B}.Release|Any CPU.ActiveCfg = Release|Any CPU
		{9DE92097-CC3B-4FDC-88B1-ED4E75E6C03B}.Release|Any CPU.Build.0 = Release|Any CPU
	EndGlobalSection
	GlobalSection(SolutionProperties) = preSolution
		HideSolutionNode = FALSE
	EndGlobalSection
	GlobalSection(ExtensibilityGlobals) = postSolution
		SolutionGuid = {198A94DB-FDE9-4118-AC71-BA9A9EC4AB42}
	EndGlobalSection
EndGlobal
